Microsoft Visual Studio Solution File, Format Version 12.00
# Visual Studio Version 17
VisualStudioVersion = 17.0.31903.59
MinimumVisualStudioVersion = 10.0.40219.1
Project("{2150E333-8FDC-42A3-9474-1A3956D46DE8}") = "Source", "Source", "{F4802B9A-7F36-4AF2-8141-CC39D9B2D943}"
EndProject
Project("{FA092D49-301F-11D3-BF4B-00C04F79EFBC}") = "DynamicMaps.Client", "Client\DynamicMaps.Client.csproj", "{49EEA63A-07E0-4CA2-8EA8-22A42E269490}"
EndProject
Project("{FA092D49-301F-11D3-BF4B-00C04F79EFBC}") = "DynamicMaps.Server", "Server\DynamicMaps.Server.csproj", "{FA092D49-A683-F6B6-CA05-C8D61B1E02C9}"
	ProjectSection(ProjectDependencies) = postProject
		{49EEA63A-07E0-4CA2-8EA8-22A42E269490} = {49EEA63A-07E0-4CA2-8EA8-22A42E269490}
	EndProjectSection
EndProject
Global
	GlobalSection(SolutionConfigurationPlatforms) = preSolution
		Release|Any CPU = Release|Any CPU
		Debug|Any CPU = Debug|Any CPU
	EndGlobalSection
	GlobalSection(SolutionProperties) = preSolution
	HideSolutionNode = FALSE
	EndGlobalSection
	GlobalSection(ExtensibilityGlobals) = postSolution
		SolutionGuid = {0437F2B7-59AC-4239-AE7E-80429D2F5118}
	EndGlobalSection
	GlobalSection(ProjectConfigurationPlatforms) = postSolution
		{49EEA63A-07E0-4CA2-8EA8-22A42E269490}.Release|Any CPU.ActiveCfg = Release|Any CPU
		{49EEA63A-07E0-4CA2-8EA8-22A42E269490}.Release|Any CPU.Build.0 = Release|Any CPU
		{49EEA63A-07E0-4CA2-8EA8-22A42E269490}.Debug|Any CPU.ActiveCfg = Debug|Any CPU
		{49EEA63A-07E0-4CA2-8EA8-22A42E269490}.Debug|Any CPU.Build.0 = Debug|Any CPU
		{FA092D49-A683-F6B6-CA05-C8D61B1E02C9}.Release|Any CPU.ActiveCfg = Release|Any CPU
		{FA092D49-A683-F6B6-CA05-C8D61B1E02C9}.Release|Any CPU.Build.0 = Release|Any CPU
		{FA092D49-A683-F6B6-CA05-C8D61B1E02C9}.Debug|Any CPU.ActiveCfg = Debug|Any CPU
		{FA092D49-A683-F6B6-CA05-C8D61B1E02C9}.Debug|Any CPU.Build.0 = Debug|Any CPU
	EndGlobalSection
	GlobalSection(NestedProjects) = preSolution
		{49EEA63A-07E0-4CA2-8EA8-22A42E269490} = {F4802B9A-7F36-4AF2-8141-CC39D9B2D943}
		{FA092D49-A683-F6B6-CA05-C8D61B1E02C9} = {F4802B9A-7F36-4AF2-8141-CC39D9B2D943}
	EndGlobalSection
EndGlobal
